// !$*UTF8*$!
{
	archiveVersion = 1;
	classes = {
	};
	objectVersion = 50;
	objects = {

/* Begin PBXBuildFile section */
		82CCB288266DC63B00CD1C00 /* Tests_iOS.swift in Sources */ = {isa = PBXBuildFile; fileRef = 82CCB287266DC63B00CD1C00 /* Tests_iOS.swift */; };
		82CCB293266DC63B00CD1C00 /* Tests_macOS.swift in Sources */ = {isa = PBXBuildFile; fileRef = 82CCB292266DC63B00CD1C00 /* Tests_macOS.swift */; };
		82CCB295266DC63B00CD1C00 /* DuderApp.swift in Sources */ = {isa = PBXBuildFile; fileRef = 82CCB26C266DC63900CD1C00 /* DuderApp.swift */; };
		82CCB296266DC63B00CD1C00 /* DuderApp.swift in Sources */ = {isa = PBXBuildFile; fileRef = 82CCB26C266DC63900CD1C00 /* DuderApp.swift */; };
		82CCB297266DC63B00CD1C00 /* ContentView.swift in Sources */ = {isa = PBXBuildFile; fileRef = 82CCB26D266DC63900CD1C00 /* ContentView.swift */; };
		82CCB298266DC63B00CD1C00 /* ContentView.swift in Sources */ = {isa = PBXBuildFile; fileRef = 82CCB26D266DC63900CD1C00 /* ContentView.swift */; };
		82CCB299266DC63B00CD1C00 /* Assets.xcassets in Resources */ = {isa = PBXBuildFile; fileRef = 82CCB26E266DC63B00CD1C00 /* Assets.xcassets */; };
		82CCB29A266DC63B00CD1C00 /* Assets.xcassets in Resources */ = {isa = PBXBuildFile; fileRef = 82CCB26E266DC63B00CD1C00 /* Assets.xcassets */; };
/* End PBXBuildFile section */

/* Begin PBXContainerItemProxy section */
		82CCB284266DC63B00CD1C00 /* PBXContainerItemProxy */ = {
			isa = PBXContainerItemProxy;
			containerPortal = 82CCB267266DC63900CD1C00 /* Project object */;
			proxyType = 1;
			remoteGlobalIDString = 82CCB272266DC63B00CD1C00;
			remoteInfo = "Duder (iOS)";
		};
		82CCB28F266DC63B00CD1C00 /* PBXContainerItemProxy */ = {
			isa = PBXContainerItemProxy;
			containerPortal = 82CCB267266DC63900CD1C00 /* Project object */;
			proxyType = 1;
			remoteGlobalIDString = 82CCB27A266DC63B00CD1C00;
			remoteInfo = "Duder (macOS)";
		};
/* End PBXContainerItemProxy section */

/* Begin PBXFileReference section */
		82CCB26C266DC63900CD1C00 /* DuderApp.swift */ = {isa = PBXFileReference; lastKnownFileType = sourcecode.swift; path = DuderApp.swift; sourceTree = "<group>"; };
		82CCB26D266DC63900CD1C00 /* ContentView.swift */ = {isa = PBXFileReference; lastKnownFileType = sourcecode.swift; path = ContentView.swift; sourceTree = "<group>"; };
		82CCB26E266DC63B00CD1C00 /* Assets.xcassets */ = {isa = PBXFileReference; lastKnownFileType = folder.assetcatalog; path = Assets.xcassets; sourceTree = "<group>"; };
		82CCB273266DC63B00CD1C00 /* Duder.app */ = {isa = PBXFileReference; explicitFileType = wrapper.application; includeInIndex = 0; path = Duder.app; sourceTree = BUILT_PRODUCTS_DIR; };
		82CCB276266DC63B00CD1C00 /* Info.plist */ = {isa = PBXFileReference; lastKnownFileType = text.plist.xml; path = Info.plist; sourceTree = "<group>"; };
		82CCB27B266DC63B00CD1C00 /* Duder.app */ = {isa = PBXFileReference; explicitFileType = wrapper.application; includeInIndex = 0; path = Duder.app; sourceTree = BUILT_PRODUCTS_DIR; };
		82CCB27D266DC63B00CD1C00 /* Info.plist */ = {isa = PBXFileReference; lastKnownFileType = text.plist.xml; path = Info.plist; sourceTree = "<group>"; };
		82CCB27E266DC63B00CD1C00 /* macOS.entitlements */ = {isa = PBXFileReference; lastKnownFileType = text.plist.entitlements; path = macOS.entitlements; sourceTree = "<group>"; };
		82CCB283266DC63B00CD1C00 /* Tests iOS.xctest */ = {isa = PBXFileReference; explicitFileType = wrapper.cfbundle; includeInIndex = 0; path = "Tests iOS.xctest"; sourceTree = BUILT_PRODUCTS_DIR; };
		82CCB287266DC63B00CD1C00 /* Tests_iOS.swift */ = {isa = PBXFileReference; lastKnownFileType = sourcecode.swift; path = Tests_iOS.swift; sourceTree = "<group>"; };
		82CCB289266DC63B00CD1C00 /* Info.plist */ = {isa = PBXFileReference; lastKnownFileType = text.plist.xml; path = Info.plist; sourceTree = "<group>"; };
		82CCB28E266DC63B00CD1C00 /* Tests macOS.xctest */ = {isa = PBXFileReference; explicitFileType = wrapper.cfbundle; includeInIndex = 0; path = "Tests macOS.xctest"; sourceTree = BUILT_PRODUCTS_DIR; };
		82CCB292266DC63B00CD1C00 /* Tests_macOS.swift */ = {isa = PBXFileReference; lastKnownFileType = sourcecode.swift; path = Tests_macOS.swift; sourceTree = "<group>"; };
		82CCB294266DC63B00CD1C00 /* Info.plist */ = {isa = PBXFileReference; lastKnownFileType = text.plist.xml; path = Info.plist; sourceTree = "<group>"; };
/* End PBXFileReference section */

/* Begin PBXFrameworksBuildPhase section */
		82CCB270266DC63B00CD1C00 /* Frameworks */ = {
			isa = PBXFrameworksBuildPhase;
			buildActionMask = 2147483647;
			files = (
			);
			runOnlyForDeploymentPostprocessing = 0;
		};
		82CCB278266DC63B00CD1C00 /* Frameworks */ = {
			isa = PBXFrameworksBuildPhase;
			buildActionMask = 2147483647;
			files = (
			);
			runOnlyForDeploymentPostprocessing = 0;
		};
		82CCB280266DC63B00CD1C00 /* Frameworks */ = {
			isa = PBXFrameworksBuildPhase;
			buildActionMask = 2147483647;
			files = (
			);
			runOnlyForDeploymentPostprocessing = 0;
		};
		82CCB28B266DC63B00CD1C00 /* Frameworks */ = {
			isa = PBXFrameworksBuildPhase;
			buildActionMask = 2147483647;
			files = (
			);
			runOnlyForDeploymentPostprocessing = 0;
		};
/* End PBXFrameworksBuildPhase section */

/* Begin PBXGroup section */
		82CCB266266DC63900CD1C00 = {
			isa = PBXGroup;
			children = (
				82CCB26B266DC63900CD1C00 /* Shared */,
				82CCB275266DC63B00CD1C00 /* iOS */,
				82CCB27C266DC63B00CD1C00 /* macOS */,
				82CCB286266DC63B00CD1C00 /* Tests iOS */,
				82CCB291266DC63B00CD1C00 /* Tests macOS */,
				82CCB274266DC63B00CD1C00 /* Products */,
			);
			sourceTree = "<group>";
		};
		82CCB26B266DC63900CD1C00 /* Shared */ = {
			isa = PBXGroup;
			children = (
				82CCB26C266DC63900CD1C00 /* DuderApp.swift */,
				82CCB26D266DC63900CD1C00 /* ContentView.swift */,
				82CCB26E266DC63B00CD1C00 /* Assets.xcassets */,
			);
			path = Shared;
			sourceTree = "<group>";
		};
		82CCB274266DC63B00CD1C00 /* Products */ = {
			isa = PBXGroup;
			children = (
				82CCB273266DC63B00CD1C00 /* Duder.app */,
				82CCB27B266DC63B00CD1C00 /* Duder.app */,
				82CCB283266DC63B00CD1C00 /* Tests iOS.xctest */,
				82CCB28E266DC63B00CD1C00 /* Tests macOS.xctest */,
			);
			name = Products;
			sourceTree = "<group>";
		};
		82CCB275266DC63B00CD1C00 /* iOS */ = {
			isa = PBXGroup;
			children = (
				82CCB276266DC63B00CD1C00 /* Info.plist */,
			);
			path = iOS;
			sourceTree = "<group>";
		};
		82CCB27C266DC63B00CD1C00 /* macOS */ = {
			isa = PBXGroup;
			children = (
				82CCB27D266DC63B00CD1C00 /* Info.plist */,
				82CCB27E266DC63B00CD1C00 /* macOS.entitlements */,
			);
			path = macOS;
			sourceTree = "<group>";
		};
		82CCB286266DC63B00CD1C00 /* Tests iOS */ = {
			isa = PBXGroup;
			children = (
				82CCB287266DC63B00CD1C00 /* Tests_iOS.swift */,
				82CCB289266DC63B00CD1C00 /* Info.plist */,
			);
			path = "Tests iOS";
			sourceTree = "<group>";
		};
		82CCB291266DC63B00CD1C00 /* Tests macOS */ = {
			isa = PBXGroup;
			children = (
				82CCB292266DC63B00CD1C00 /* Tests_macOS.swift */,
				82CCB294266DC63B00CD1C00 /* Info.plist */,
			);
			path = "Tests macOS";
			sourceTree = "<group>";
		};
/* End PBXGroup section */

/* Begin PBXNativeTarget section */
		82CCB272266DC63B00CD1C00 /* Duder (iOS) */ = {
			isa = PBXNativeTarget;
			buildConfigurationList = 82CCB29D266DC63B00CD1C00 /* Build configuration list for PBXNativeTarget "Duder (iOS)" */;
			buildPhases = (
				82CCB26F266DC63B00CD1C00 /* Sources */,
				82CCB270266DC63B00CD1C00 /* Frameworks */,
				82CCB271266DC63B00CD1C00 /* Resources */,
			);
			buildRules = (
			);
			dependencies = (
			);
			name = "Duder (iOS)";
			productName = "Duder (iOS)";
			productReference = 82CCB273266DC63B00CD1C00 /* Duder.app */;
			productType = "com.apple.product-type.application";
		};
		82CCB27A266DC63B00CD1C00 /* Duder (macOS) */ = {
			isa = PBXNativeTarget;
			buildConfigurationList = 82CCB2A0266DC63B00CD1C00 /* Build configuration list for PBXNativeTarget "Duder (macOS)" */;
			buildPhases = (
				82CCB277266DC63B00CD1C00 /* Sources */,
				82CCB278266DC63B00CD1C00 /* Frameworks */,
				82CCB279266DC63B00CD1C00 /* Resources */,
			);
			buildRules = (
			);
			dependencies = (
			);
			name = "Duder (macOS)";
			productName = "Duder (macOS)";
			productReference = 82CCB27B266DC63B00CD1C00 /* Duder.app */;
			productType = "com.apple.product-type.application";
		};
		82CCB282266DC63B00CD1C00 /* Tests iOS */ = {
			isa = PBXNativeTarget;
			buildConfigurationList = 82CCB2A3266DC63B00CD1C00 /* Build configuration list for PBXNativeTarget "Tests iOS" */;
			buildPhases = (
				82CCB27F266DC63B00CD1C00 /* Sources */,
				82CCB280266DC63B00CD1C00 /* Frameworks */,
				82CCB281266DC63B00CD1C00 /* Resources */,
			);
			buildRules = (
			);
			dependencies = (
				82CCB285266DC63B00CD1C00 /* PBXTargetDependency */,
			);
			name = "Tests iOS";
			productName = "Tests iOS";
			productReference = 82CCB283266DC63B00CD1C00 /* Tests iOS.xctest */;
			productType = "com.apple.product-type.bundle.ui-testing";
		};
		82CCB28D266DC63B00CD1C00 /* Tests macOS */ = {
			isa = PBXNativeTarget;
			buildConfigurationList = 82CCB2A6266DC63B00CD1C00 /* Build configuration list for PBXNativeTarget "Tests macOS" */;
			buildPhases = (
				82CCB28A266DC63B00CD1C00 /* Sources */,
				82CCB28B266DC63B00CD1C00 /* Frameworks */,
				82CCB28C266DC63B00CD1C00 /* Resources */,
			);
			buildRules = (
			);
			dependencies = (
				82CCB290266DC63B00CD1C00 /* PBXTargetDependency */,
			);
			name = "Tests macOS";
			productName = "Tests macOS";
			productReference = 82CCB28E266DC63B00CD1C00 /* Tests macOS.xctest */;
			productType = "com.apple.product-type.bundle.ui-testing";
		};
/* End PBXNativeTarget section */

/* Begin PBXProject section */
		82CCB267266DC63900CD1C00 /* Project object */ = {
			isa = PBXProject;
			attributes = {
				LastSwiftUpdateCheck = 1240;
				LastUpgradeCheck = 1240;
				TargetAttributes = {
					82CCB272266DC63B00CD1C00 = {
						CreatedOnToolsVersion = 12.4;
					};
					82CCB27A266DC63B00CD1C00 = {
						CreatedOnToolsVersion = 12.4;
					};
					82CCB282266DC63B00CD1C00 = {
						CreatedOnToolsVersion = 12.4;
						TestTargetID = 82CCB272266DC63B00CD1C00;
					};
					82CCB28D266DC63B00CD1C00 = {
						CreatedOnToolsVersion = 12.4;
						TestTargetID = 82CCB27A266DC63B00CD1C00;
					};
				};
			};
			buildConfigurationList = 82CCB26A266DC63900CD1C00 /* Build configuration list for PBXProject "Duder" */;
			compatibilityVersion = "Xcode 9.3";
			developmentRegion = en;
			hasScannedForEncodings = 0;
			knownRegions = (
				en,
				Base,
			);
			mainGroup = 82CCB266266DC63900CD1C00;
			productRefGroup = 82CCB274266DC63B00CD1C00 /* Products */;
			projectDirPath = "";
			projectRoot = "";
			targets = (
				82CCB272266DC63B00CD1C00 /* Duder (iOS) */,
				82CCB27A266DC63B00CD1C00 /* Duder (macOS) */,
				82CCB282266DC63B00CD1C00 /* Tests iOS */,
				82CCB28D266DC63B00CD1C00 /* Tests macOS */,
			);
		};
/* End PBXProject section */

/* Begin PBXResourcesBuildPhase section */
		82CCB271266DC63B00CD1C00 /* Resources */ = {
			isa = PBXResourcesBuildPhase;
			buildActionMask = 2147483647;
			files = (
				82CCB299266DC63B00CD1C00 /* Assets.xcassets in Resources */,
			);
			runOnlyForDeploymentPostprocessing = 0;
		};
		82CCB279266DC63B00CD1C00 /* Resources */ = {
			isa = PBXResourcesBuildPhase;
			buildActionMask = 2147483647;
			files = (
				82CCB29A266DC63B00CD1C00 /* Assets.xcassets in Resources */,
			);
			runOnlyForDeploymentPostprocessing = 0;
		};
		82CCB281266DC63B00CD1C00 /* Resources */ = {
			isa = PBXResourcesBuildPhase;
			buildActionMask = 2147483647;
			files = (
			);
			runOnlyForDeploymentPostprocessing = 0;
		};
		82CCB28C266DC63B00CD1C00 /* Resources */ = {
			isa = PBXResourcesBuildPhase;
			buildActionMask = 2147483647;
			files = (
			);
			runOnlyForDeploymentPostprocessing = 0;
		};
/* End PBXResourcesBuildPhase section */

/* Begin PBXSourcesBuildPhase section */
		82CCB26F266DC63B00CD1C00 /* Sources */ = {
			isa = PBXSourcesBuildPhase;
			buildActionMask = 2147483647;
			files = (
				82CCB297266DC63B00CD1C00 /* ContentView.swift in Sources */,
				82CCB295266DC63B00CD1C00 /* DuderApp.swift in Sources */,
			);
			runOnlyForDeploymentPostprocessing = 0;
		};
		82CCB277266DC63B00CD1C00 /* Sources */ = {
			isa = PBXSourcesBuildPhase;
			buildActionMask = 2147483647;
			files = (
				82CCB298266DC63B00CD1C00 /* ContentView.swift in Sources */,
				82CCB296266DC63B00CD1C00 /* DuderApp.swift in Sources */,
			);
			runOnlyForDeploymentPostprocessing = 0;
		};
		82CCB27F266DC63B00CD1C00 /* Sources */ = {
			isa = PBXSourcesBuildPhase;
			buildActionMask = 2147483647;
			files = (
				82CCB288266DC63B00CD1C00 /* Tests_iOS.swift in Sources */,
			);
			runOnlyForDeploymentPostprocessing = 0;
		};
		82CCB28A266DC63B00CD1C00 /* Sources */ = {
			isa = PBXSourcesBuildPhase;
			buildActionMask = 2147483647;
			files = (
				82CCB293266DC63B00CD1C00 /* Tests_macOS.swift in Sources */,
			);
			runOnlyForDeploymentPostprocessing = 0;
		};
/* End PBXSourcesBuildPhase section */

/* Begin PBXTargetDependency section */
		82CCB285266DC63B00CD1C00 /* PBXTargetDependency */ = {
			isa = PBXTargetDependency;
			target = 82CCB272266DC63B00CD1C00 /* Duder (iOS) */;
			targetProxy = 82CCB284266DC63B00CD1C00 /* PBXContainerItemProxy */;
		};
		82CCB290266DC63B00CD1C00 /* PBXTargetDependency */ = {
			isa = PBXTargetDependency;
			target = 82CCB27A266DC63B00CD1C00 /* Duder (macOS) */;
			targetProxy = 82CCB28F266DC63B00CD1C00 /* PBXContainerItemProxy */;
		};
/* End PBXTargetDependency section */

/* Begin XCBuildConfiguration section */
		82CCB29B266DC63B00CD1C00 /* Debug */ = {
			isa = XCBuildConfiguration;
			buildSettings = {
				ALWAYS_SEARCH_USER_PATHS = NO;
				CLANG_ANALYZER_NONNULL = YES;
				CLANG_ANALYZER_NUMBER_OBJECT_CONVERSION = YES_AGGRESSIVE;
				CLANG_CXX_LANGUAGE_STANDARD = "gnu++14";
				CLANG_CXX_LIBRARY = "libc++";
				CLANG_ENABLE_MODULES = YES;
				CLANG_ENABLE_OBJC_ARC = YES;
				CLANG_ENABLE_OBJC_WEAK = YES;
				CLANG_WARN_BLOCK_CAPTURE_AUTORELEASING = YES;
				CLANG_WARN_BOOL_CONVERSION = YES;
				CLANG_WARN_COMMA = YES;
				CLANG_WARN_CONSTANT_CONVERSION = YES;
				CLANG_WARN_DEPRECATED_OBJC_IMPLEMENTATIONS = YES;
				CLANG_WARN_DIRECT_OBJC_ISA_USAGE = YES_ERROR;
				CLANG_WARN_DOCUMENTATION_COMMENTS = YES;
				CLANG_WARN_EMPTY_BODY = YES;
				CLANG_WARN_ENUM_CONVERSION = YES;
				CLANG_WARN_INFINITE_RECURSION = YES;
				CLANG_WARN_INT_CONVERSION = YES;
				CLANG_WARN_NON_LITERAL_NULL_CONVERSION = YES;
				CLANG_WARN_OBJC_IMPLICIT_RETAIN_SELF = YES;
				CLANG_WARN_OBJC_LITERAL_CONVERSION = YES;
				CLANG_WARN_OBJC_ROOT_CLASS = YES_ERROR;
				CLANG_WARN_QUOTED_INCLUDE_IN_FRAMEWORK_HEADER = YES;
				CLANG_WARN_RANGE_LOOP_ANALYSIS = YES;
				CLANG_WARN_STRICT_PROTOTYPES = YES;
				CLANG_WARN_SUSPICIOUS_MOVE = YES;
				CLANG_WARN_UNGUARDED_AVAILABILITY = YES_AGGRESSIVE;
				CLANG_WARN_UNREACHABLE_CODE = YES;
				CLANG_WARN__DUPLICATE_METHOD_MATCH = YES;
				COPY_PHASE_STRIP = NO;
				DEBUG_INFORMATION_FORMAT = dwarf;
				ENABLE_STRICT_OBJC_MSGSEND = YES;
				ENABLE_TESTABILITY = YES;
				GCC_C_LANGUAGE_STANDARD = gnu11;
				GCC_DYNAMIC_NO_PIC = NO;
				GCC_NO_COMMON_BLOCKS = YES;
				GCC_OPTIMIZATION_LEVEL = 0;
				GCC_PREPROCESSOR_DEFINITIONS = (
					"DEBUG=1",
					"$(inherited)",
				);
				GCC_WARN_64_TO_32_BIT_CONVERSION = YES;
				GCC_WARN_ABOUT_RETURN_TYPE = YES_ERROR;
				GCC_WARN_UNDECLARED_SELECTOR = YES;
				GCC_WARN_UNINITIALIZED_AUTOS = YES_AGGRESSIVE;
				GCC_WARN_UNUSED_FUNCTION = YES;
				GCC_WARN_UNUSED_VARIABLE = YES;
				MTL_ENABLE_DEBUG_INFO = INCLUDE_SOURCE;
				MTL_FAST_MATH = YES;
				ONLY_ACTIVE_ARCH = YES;
				SWIFT_ACTIVE_COMPILATION_CONDITIONS = DEBUG;
				SWIFT_OPTIMIZATION_LEVEL = "-Onone";
			};
			name = Debug;
		};
		82CCB29C266DC63B00CD1C00 /* Release */ = {
			isa = XCBuildConfiguration;
			buildSettings = {
				ALWAYS_SEARCH_USER_PATHS = NO;
				CLANG_ANALYZER_NONNULL = YES;
				CLANG_ANALYZER_NUMBER_OBJECT_CONVERSION = YES_AGGRESSIVE;
				CLANG_CXX_LANGUAGE_STANDARD = "gnu++14";
				CLANG_CXX_LIBRARY = "libc++";
				CLANG_ENABLE_MODULES = YES;
				CLANG_ENABLE_OBJC_ARC = YES;
				CLANG_ENABLE_OBJC_WEAK = YES;
				CLANG_WARN_BLOCK_CAPTURE_AUTORELEASING = YES;
				CLANG_WARN_BOOL_CONVERSION = YES;
				CLANG_WARN_COMMA = YES;
				CLANG_WARN_CONSTANT_CONVERSION = YES;
				CLANG_WARN_DEPRECATED_OBJC_IMPLEMENTATIONS = YES;
				CLANG_WARN_DIRECT_OBJC_ISA_USAGE = YES_ERROR;
				CLANG_WARN_DOCUMENTATION_COMMENTS = YES;
				CLANG_WARN_EMPTY_BODY = YES;
				CLANG_WARN_ENUM_CONVERSION = YES;
				CLANG_WARN_INFINITE_RECURSION = YES;
				CLANG_WARN_INT_CONVERSION = YES;
				CLANG_WARN_NON_LITERAL_NULL_CONVERSION = YES;
				CLANG_WARN_OBJC_IMPLICIT_RETAIN_SELF = YES;
				CLANG_WARN_OBJC_LITERAL_CONVERSION = YES;
				CLANG_WARN_OBJC_ROOT_CLASS = YES_ERROR;
				CLANG_WARN_QUOTED_INCLUDE_IN_FRAMEWORK_HEADER = YES;
				CLANG_WARN_RANGE_LOOP_ANALYSIS = YES;
				CLANG_WARN_STRICT_PROTOTYPES = YES;
				CLANG_WARN_SUSPICIOUS_MOVE = YES;
				CLANG_WARN_UNGUARDED_AVAILABILITY = YES_AGGRESSIVE;
				CLANG_WARN_UNREACHABLE_CODE = YES;
				CLANG_WARN__DUPLICATE_METHOD_MATCH = YES;
				COPY_PHASE_STRIP = NO;
				DEBUG_INFORMATION_FORMAT = "dwarf-with-dsym";
				ENABLE_NS_ASSERTIONS = NO;
				ENABLE_STRICT_OBJC_MSGSEND = YES;
				GCC_C_LANGUAGE_STANDARD = gnu11;
				GCC_NO_COMMON_BLOCKS = YES;
				GCC_WARN_64_TO_32_BIT_CONVERSION = YES;
				GCC_WARN_ABOUT_RETURN_TYPE = YES_ERROR;
				GCC_WARN_UNDECLARED_SELECTOR = YES;
				GCC_WARN_UNINITIALIZED_AUTOS = YES_AGGRESSIVE;
				GCC_WARN_UNUSED_FUNCTION = YES;
				GCC_WARN_UNUSED_VARIABLE = YES;
				MTL_ENABLE_DEBUG_INFO = NO;
				MTL_FAST_MATH = YES;
				SWIFT_COMPILATION_MODE = wholemodule;
				SWIFT_OPTIMIZATION_LEVEL = "-O";
			};
			name = Release;
		};
		82CCB29E266DC63B00CD1C00 /* Debug */ = {
			isa = XCBuildConfiguration;
			buildSettings = {
				ASSETCATALOG_COMPILER_APPICON_NAME = AppIcon;
				ASSETCATALOG_COMPILER_GLOBAL_ACCENT_COLOR_NAME = AccentColor;
				CODE_SIGN_STYLE = Automatic;
				ENABLE_PREVIEWS = YES;
				INFOPLIST_FILE = iOS/Info.plist;
				IPHONEOS_DEPLOYMENT_TARGET = 14.0;
				LD_RUNPATH_SEARCH_PATHS = (
					"$(inherited)",
					"@executable_path/Frameworks",
				);
				PRODUCT_BUNDLE_IDENTIFIER = Bro.Duder;
				PRODUCT_NAME = Duder;
				SDKROOT = iphoneos;
				SWIFT_VERSION = 5.0;
				TARGETED_DEVICE_FAMILY = "1,2";
			};
			name = Debug;
		};
		82CCB29F266DC63B00CD1C00 /* Release */ = {
			isa = XCBuildConfiguration;
			buildSettings = {
				ASSETCATALOG_COMPILER_APPICON_NAME = AppIcon;
				ASSETCATALOG_COMPILER_GLOBAL_ACCENT_COLOR_NAME = AccentColor;
				CODE_SIGN_STYLE = Automatic;
				ENABLE_PREVIEWS = YES;
				INFOPLIST_FILE = iOS/Info.plist;
				IPHONEOS_DEPLOYMENT_TARGET = 14.0;
				LD_RUNPATH_SEARCH_PATHS = (
					"$(inherited)",
					"@executable_path/Frameworks",
				);
				PRODUCT_BUNDLE_IDENTIFIER = Bro.Duder;
				PRODUCT_NAME = Duder;
				SDKROOT = iphoneos;
				SWIFT_VERSION = 5.0;
				TARGETED_DEVICE_FAMILY = "1,2";
				VALIDATE_PRODUCT = YES;
			};
			name = Release;
		};
		82CCB2A1266DC63B00CD1C00 /* Debug */ = {
			isa = XCBuildConfiguration;
			buildSettings = {
				ASSETCATALOG_COMPILER_APPICON_NAME = AppIcon;
				ASSETCATALOG_COMPILER_GLOBAL_ACCENT_COLOR_NAME = AccentColor;
				CODE_SIGN_ENTITLEMENTS = macOS/macOS.entitlements;
				CODE_SIGN_STYLE = Automatic;
				COMBINE_HIDPI_IMAGES = YES;
				ENABLE_PREVIEWS = YES;
				INFOPLIST_FILE = macOS/Info.plist;
				LD_RUNPATH_SEARCH_PATHS = (
					"$(inherited)",
					"@executable_path/../Frameworks",
				);
				MACOSX_DEPLOYMENT_TARGET = 11.0;
				PRODUCT_BUNDLE_IDENTIFIER = Bro.Duder;
				PRODUCT_NAME = Duder;
				SDKROOT = macosx;
				SWIFT_VERSION = 5.0;
			};
			name = Debug;
		};
		82CCB2A2266DC63B00CD1C00 /* Release */ = {
			isa = XCBuildConfiguration;
			buildSettings = {
				ASSETCATALOG_COMPILER_APPICON_NAME = AppIcon;
				ASSETCATALOG_COMPILER_GLOBAL_ACCENT_COLOR_NAME = AccentColor;
				CODE_SIGN_ENTITLEMENTS = macOS/macOS.entitlements;
				CODE_SIGN_STYLE = Automatic;
				COMBINE_HIDPI_IMAGES = YES;
				ENABLE_PREVIEWS = YES;
				INFOPLIST_FILE = macOS/Info.plist;
				LD_RUNPATH_SEARCH_PATHS = (
					"$(inherited)",
					"@executable_path/../Frameworks",
				);
				MACOSX_DEPLOYMENT_TARGET = 11.0;
				PRODUCT_BUNDLE_IDENTIFIER = Bro.Duder;
				PRODUCT_NAME = Duder;
				SDKROOT = macosx;
				SWIFT_VERSION = 5.0;
			};
			name = Release;
		};
		82CCB2A4266DC63B00CD1C00 /* Debug */ = {
			isa = XCBuildConfiguration;
			buildSettings = {
				ALWAYS_EMBED_SWIFT_STANDARD_LIBRARIES = YES;
				CODE_SIGN_STYLE = Automatic;
				INFOPLIST_FILE = "Tests iOS/Info.plist";
				IPHONEOS_DEPLOYMENT_TARGET = 14.4;
				LD_RUNPATH_SEARCH_PATHS = (
					"$(inherited)",
					"@executable_path/Frameworks",
					"@loader_path/Frameworks",
				);
				PRODUCT_BUNDLE_IDENTIFIER = "Bro.Tests-iOS";
				PRODUCT_NAME = "$(TARGET_NAME)";
				SDKROOT = iphoneos;
				SWIFT_VERSION = 5.0;
				TARGETED_DEVICE_FAMILY = "1,2";
				TEST_TARGET_NAME = "Duder (iOS)";
			};
			name = Debug;
		};
		82CCB2A5266DC63B00CD1C00 /* Release */ = {
			isa = XCBuildConfiguration;
			buildSettings = {
				ALWAYS_EMBED_SWIFT_STANDARD_LIBRARIES = YES;
				CODE_SIGN_STYLE = Automatic;
				INFOPLIST_FILE = "Tests iOS/Info.plist";
				IPHONEOS_DEPLOYMENT_TARGET = 14.4;
				LD_RUNPATH_SEARCH_PATHS = (
					"$(inherited)",
					"@executable_path/Frameworks",
					"@loader_path/Frameworks",
				);
				PRODUCT_BUNDLE_IDENTIFIER = "Bro.Tests-iOS";
				PRODUCT_NAME = "$(TARGET_NAME)";
				SDKROOT = iphoneos;
				SWIFT_VERSION = 5.0;
				TARGETED_DEVICE_FAMILY = "1,2";
				TEST_TARGET_NAME = "Duder (iOS)";
				VALIDATE_PRODUCT = YES;
			};
			name = Release;
		};
		82CCB2A7266DC63B00CD1C00 /* Debug */ = {
			isa = XCBuildConfiguration;
			buildSettings = {
				ALWAYS_EMBED_SWIFT_STANDARD_LIBRARIES = YES;
				CODE_SIGN_STYLE = Automatic;
				COMBINE_HIDPI_IMAGES = YES;
				INFOPLIST_FILE = "Tests macOS/Info.plist";
				LD_RUNPATH_SEARCH_PATHS = (
					"$(inherited)",
					"@executable_path/../Frameworks",
					"@loader_path/../Frameworks",
				);
				MACOSX_DEPLOYMENT_TARGET = 10.15;
				PRODUCT_BUNDLE_IDENTIFIER = "Bro.Tests-macOS";
				PRODUCT_NAME = "$(TARGET_NAME)";
				SDKROOT = macosx;
				SWIFT_VERSION = 5.0;
				TEST_TARGET_NAME = "Duder (macOS)";
			};
			name = Debug;
		};
		82CCB2A8266DC63B00CD1C00 /* Release */ = {
			isa = XCBuildConfiguration;
			buildSettings = {
				ALWAYS_EMBED_SWIFT_STANDARD_LIBRARIES = YES;
				CODE_SIGN_STYLE = Automatic;
				COMBINE_HIDPI_IMAGES = YES;
				INFOPLIST_FILE = "Tests macOS/Info.plist";
				LD_RUNPATH_SEARCH_PATHS = (
					"$(inherited)",
					"@executable_path/../Frameworks",
					"@loader_path/../Frameworks",
				);
				MACOSX_DEPLOYMENT_TARGET = 10.15;
				PRODUCT_BUNDLE_IDENTIFIER = "Bro.Tests-macOS";
				PRODUCT_NAME = "$(TARGET_NAME)";
				SDKROOT = macosx;
				SWIFT_VERSION = 5.0;
				TEST_TARGET_NAME = "Duder (macOS)";
			};
			name = Release;
		};
/* End XCBuildConfiguration section */

/* Begin XCConfigurationList section */
		82CCB26A266DC63900CD1C00 /* Build configuration list for PBXProject "Duder" */ = {
			isa = XCConfigurationList;
			buildConfigurations = (
				82CCB29B266DC63B00CD1C00 /* Debug */,
				82CCB29C266DC63B00CD1C00 /* Release */,
			);
			defaultConfigurationIsVisible = 0;
			defaultConfigurationName = Release;
		};
		82CCB29D266DC63B00CD1C00 /* Build configuration list for PBXNativeTarget "Duder (iOS)" */ = {
			isa = XCConfigurationList;
			buildConfigurations = (
				82CCB29E266DC63B00CD1C00 /* Debug */,
				82CCB29F266DC63B00CD1C00 /* Release */,
			);
			defaultConfigurationIsVisible = 0;
			defaultConfigurationName = Release;
		};
		82CCB2A0266DC63B00CD1C00 /* Build configuration list for PBXNativeTarget "Duder (macOS)" */ = {
			isa = XCConfigurationList;
			buildConfigurations = (
				82CCB2A1266DC63B00CD1C00 /* Debug */,
				82CCB2A2266DC63B00CD1C00 /* Release */,
			);
			defaultConfigurationIsVisible = 0;
			defaultConfigurationName = Release;
		};
		82CCB2A3266DC63B00CD1C00 /* Build configuration list for PBXNativeTarget "Tests iOS" */ = {
			isa = XCConfigurationList;
			buildConfigurations = (
				82CCB2A4266DC63B00CD1C00 /* Debug */,
				82CCB2A5266DC63B00CD1C00 /* Release */,
			);
			defaultConfigurationIsVisible = 0;
			defaultConfigurationName = Release;
		};
		82CCB2A6266DC63B00CD1C00 /* Build configuration list for PBXNativeTarget "Tests macOS" */ = {
			isa = XCConfigurationList;
			buildConfigurations = (
				82CCB2A7266DC63B00CD1C00 /* Debug */,
				82CCB2A8266DC63B00CD1C00 /* Release */,
			);
			defaultConfigurationIsVisible = 0;
			defaultConfigurationName = Release;
		};
/* End XCConfigurationList section */
	};
	rootObject = 82CCB267266DC63900CD1C00 /* Project object */;
}
